// !$*UTF8*$!
{
	archiveVersion = 1;
	classes = {
	};
	objectVersion = 56;
	objects = {

/* Begin PBXBuildFile section */
		321B53592A555117003101BF /* AppDelegate.swift in Sources */ = {isa = PBXBuildFile; fileRef = 321B53582A555117003101BF /* AppDelegate.swift */; };
		321B535B2A555117003101BF /* SceneDelegate.swift in Sources */ = {isa = PBXBuildFile; fileRef = 321B535A2A555117003101BF /* SceneDelegate.swift */; };
		321B535D2A555117003101BF /* ViewController.swift in Sources */ = {isa = PBXBuildFile; fileRef = 321B535C2A555117003101BF /* ViewController.swift */; };
		321B53602A555117003101BF /* Main.storyboard in Resources */ = {isa = PBXBuildFile; fileRef = 321B535E2A555117003101BF /* Main.storyboard */; };
		321B53622A555119003101BF /* Assets.xcassets in Resources */ = {isa = PBXBuildFile; fileRef = 321B53612A555119003101BF /* Assets.xcassets */; };
		321B53652A555119003101BF /* LaunchScreen.storyboard in Resources */ = {isa = PBXBuildFile; fileRef = 321B53632A555119003101BF /* LaunchScreen.storyboard */; };
		321B53702A55511A003101BF /* RichAppTests.swift in Sources */ = {isa = PBXBuildFile; fileRef = 321B536F2A55511A003101BF /* RichAppTests.swift */; };
		321B537A2A55511A003101BF /* RichAppUITests.swift in Sources */ = {isa = PBXBuildFile; fileRef = 321B53792A55511A003101BF /* RichAppUITests.swift */; };
		321B537C2A55511A003101BF /* RichAppUITestsLaunchTests.swift in Sources */ = {isa = PBXBuildFile; fileRef = 321B537B2A55511A003101BF /* RichAppUITestsLaunchTests.swift */; };
/* End PBXBuildFile section */

/* Begin PBXContainerItemProxy section */
		321B536C2A55511A003101BF /* PBXContainerItemProxy */ = {
			isa = PBXContainerItemProxy;
			containerPortal = 321B534D2A555117003101BF /* Project object */;
			proxyType = 1;
			remoteGlobalIDString = 321B53542A555117003101BF;
			remoteInfo = RichApp;
		};
		321B53762A55511A003101BF /* PBXContainerItemProxy */ = {
			isa = PBXContainerItemProxy;
			containerPortal = 321B534D2A555117003101BF /* Project object */;
			proxyType = 1;
			remoteGlobalIDString = 321B53542A555117003101BF;
			remoteInfo = RichApp;
		};
/* End PBXContainerItemProxy section */

/* Begin PBXFileReference section */
		321B53552A555117003101BF /* RichApp.app */ = {isa = PBXFileReference; explicitFileType = wrapper.application; includeInIndex = 0; path = RichApp.app; sourceTree = BUILT_PRODUCTS_DIR; };
		321B53582A555117003101BF /* AppDelegate.swift */ = {isa = PBXFileReference; lastKnownFileType = sourcecode.swift; path = AppDelegate.swift; sourceTree = "<group>"; };
		321B535A2A555117003101BF /* SceneDelegate.swift */ = {isa = PBXFileReference; lastKnownFileType = sourcecode.swift; path = SceneDelegate.swift; sourceTree = "<group>"; };
		321B535C2A555117003101BF /* ViewController.swift */ = {isa = PBXFileReference; lastKnownFileType = sourcecode.swift; path = ViewController.swift; sourceTree = "<group>"; };
		321B535F2A555117003101BF /* Base */ = {isa = PBXFileReference; lastKnownFileType = file.storyboard; name = Base; path = Base.lproj/Main.storyboard; sourceTree = "<group>"; };
		321B53612A555119003101BF /* Assets.xcassets */ = {isa = PBXFileReference; lastKnownFileType = folder.assetcatalog; path = Assets.xcassets; sourceTree = "<group>"; };
		321B53642A555119003101BF /* Base */ = {isa = PBXFileReference; lastKnownFileType = file.storyboard; name = Base; path = Base.lproj/LaunchScreen.storyboard; sourceTree = "<group>"; };
		321B53662A555119003101BF /* Info.plist */ = {isa = PBXFileReference; lastKnownFileType = text.plist.xml; path = Info.plist; sourceTree = "<group>"; };
		321B536B2A55511A003101BF /* RichAppTests.xctest */ = {isa = PBXFileReference; explicitFileType = wrapper.cfbundle; includeInIndex = 0; path = RichAppTests.xctest; sourceTree = BUILT_PRODUCTS_DIR; };
		321B536F2A55511A003101BF /* RichAppTests.swift */ = {isa = PBXFileReference; lastKnownFileType = sourcecode.swift; path = RichAppTests.swift; sourceTree = "<group>"; };
		321B53752A55511A003101BF /* RichAppUITests.xctest */ = {isa = PBXFileReference; explicitFileType = wrapper.cfbundle; includeInIndex = 0; path = RichAppUITests.xctest; sourceTree = BUILT_PRODUCTS_DIR; };
		321B53792A55511A003101BF /* RichAppUITests.swift */ = {isa = PBXFileReference; lastKnownFileType = sourcecode.swift; path = RichAppUITests.swift; sourceTree = "<group>"; };
		321B537B2A55511A003101BF /* RichAppUITestsLaunchTests.swift */ = {isa = PBXFileReference; lastKnownFileType = sourcecode.swift; path = RichAppUITestsLaunchTests.swift; sourceTree = "<group>"; };
/* End PBXFileReference section */

/* Begin PBXFrameworksBuildPhase section */
		321B53522A555117003101BF /* Frameworks */ = {
			isa = PBXFrameworksBuildPhase;
			buildActionMask = 2147483647;
			files = (
			);
			runOnlyForDeploymentPostprocessing = 0;
		};
		321B53682A55511A003101BF /* Frameworks */ = {
			isa = PBXFrameworksBuildPhase;
			buildActionMask = 2147483647;
			files = (
			);
			runOnlyForDeploymentPostprocessing = 0;
		};
		321B53722A55511A003101BF /* Frameworks */ = {
			isa = PBXFrameworksBuildPhase;
			buildActionMask = 2147483647;
			files = (
			);
			runOnlyForDeploymentPostprocessing = 0;
		};
/* End PBXFrameworksBuildPhase section */

/* Begin PBXGroup section */
		321B534C2A555117003101BF = {
			isa = PBXGroup;
			children = (
				321B53572A555117003101BF /* RichApp */,
				321B536E2A55511A003101BF /* RichAppTests */,
				321B53782A55511A003101BF /* RichAppUITests */,
				321B53562A555117003101BF /* Products */,
			);
			sourceTree = "<group>";
		};
		321B53562A555117003101BF /* Products */ = {
			isa = PBXGroup;
			children = (
				321B53552A555117003101BF /* RichApp.app */,
				321B536B2A55511A003101BF /* RichAppTests.xctest */,
				321B53752A55511A003101BF /* RichAppUITests.xctest */,
			);
			name = Products;
			sourceTree = "<group>";
		};
		321B53572A555117003101BF /* RichApp */ = {
			isa = PBXGroup;
			children = (
				321B53582A555117003101BF /* AppDelegate.swift */,
				321B535A2A555117003101BF /* SceneDelegate.swift */,
				321B535C2A555117003101BF /* ViewController.swift */,
				321B535E2A555117003101BF /* Main.storyboard */,
				321B53612A555119003101BF /* Assets.xcassets */,
				321B53632A555119003101BF /* LaunchScreen.storyboard */,
				321B53662A555119003101BF /* Info.plist */,
			);
			path = RichApp;
			sourceTree = "<group>";
		};
		321B536E2A55511A003101BF /* RichAppTests */ = {
			isa = PBXGroup;
			children = (
				321B536F2A55511A003101BF /* RichAppTests.swift */,
			);
			path = RichAppTests;
			sourceTree = "<group>";
		};
		321B53782A55511A003101BF /* RichAppUITests */ = {
			isa = PBXGroup;
			children = (
				321B53792A55511A003101BF /* RichAppUITests.swift */,
				321B537B2A55511A003101BF /* RichAppUITestsLaunchTests.swift */,
			);
			path = RichAppUITests;
			sourceTree = "<group>";
		};
/* End PBXGroup section */

/* Begin PBXNativeTarget section */
		321B53542A555117003101BF /* RichApp */ = {
			isa = PBXNativeTarget;
			buildConfigurationList = 321B537F2A55511A003101BF /* Build configuration list for PBXNativeTarget "RichApp" */;
			buildPhases = (
				321B53512A555117003101BF /* Sources */,
				321B53522A555117003101BF /* Frameworks */,
				321B53532A555117003101BF /* Resources */,
			);
			buildRules = (
			);
			dependencies = (
			);
			name = RichApp;
			productName = RichApp;
			productReference = 321B53552A555117003101BF /* RichApp.app */;
			productType = "com.apple.product-type.application";
		};
		321B536A2A55511A003101BF /* RichAppTests */ = {
			isa = PBXNativeTarget;
			buildConfigurationList = 321B53822A55511A003101BF /* Build configuration list for PBXNativeTarget "RichAppTests" */;
			buildPhases = (
				321B53672A55511A003101BF /* Sources */,
				321B53682A55511A003101BF /* Frameworks */,
				321B53692A55511A003101BF /* Resources */,
			);
			buildRules = (
			);
			dependencies = (
				321B536D2A55511A003101BF /* PBXTargetDependency */,
			);
			name = RichAppTests;
			productName = RichAppTests;
			productReference = 321B536B2A55511A003101BF /* RichAppTests.xctest */;
			productType = "com.apple.product-type.bundle.unit-test";
		};
		321B53742A55511A003101BF /* RichAppUITests */ = {
			isa = PBXNativeTarget;
			buildConfigurationList = 321B53852A55511A003101BF /* Build configuration list for PBXNativeTarget "RichAppUITests" */;
			buildPhases = (
				321B53712A55511A003101BF /* Sources */,
				321B53722A55511A003101BF /* Frameworks */,
				321B53732A55511A003101BF /* Resources */,
			);
			buildRules = (
			);
			dependencies = (
				321B53772A55511A003101BF /* PBXTargetDependency */,
			);
			name = RichAppUITests;
			productName = RichAppUITests;
			productReference = 321B53752A55511A003101BF /* RichAppUITests.xctest */;
			productType = "com.apple.product-type.bundle.ui-testing";
		};
/* End PBXNativeTarget section */

/* Begin PBXProject section */
		321B534D2A555117003101BF /* Project object */ = {
			isa = PBXProject;
			attributes = {
				BuildIndependentTargetsInParallel = 1;
				LastSwiftUpdateCheck = 1430;
				LastUpgradeCheck = 1430;
				TargetAttributes = {
					321B53542A555117003101BF = {
						CreatedOnToolsVersion = 14.3.1;
					};
					321B536A2A55511A003101BF = {
						CreatedOnToolsVersion = 14.3.1;
						TestTargetID = 321B53542A555117003101BF;
					};
					321B53742A55511A003101BF = {
						CreatedOnToolsVersion = 14.3.1;
						TestTargetID = 321B53542A555117003101BF;
					};
				};
			};
			buildConfigurationList = 321B53502A555117003101BF /* Build configuration list for PBXProject "RichApp" */;
			compatibilityVersion = "Xcode 14.0";
			developmentRegion = en;
			hasScannedForEncodings = 0;
			knownRegions = (
				en,
				Base,
			);
			mainGroup = 321B534C2A555117003101BF;
			productRefGroup = 321B53562A555117003101BF /* Products */;
			projectDirPath = "";
			projectRoot = "";
			targets = (
				321B53542A555117003101BF /* RichApp */,
				321B536A2A55511A003101BF /* RichAppTests */,
				321B53742A55511A003101BF /* RichAppUITests */,
			);
		};
/* End PBXProject section */

/* Begin PBXResourcesBuildPhase section */
		321B53532A555117003101BF /* Resources */ = {
			isa = PBXResourcesBuildPhase;
			buildActionMask = 2147483647;
			files = (
				321B53652A555119003101BF /* LaunchScreen.storyboard in Resources */,
				321B53622A555119003101BF /* Assets.xcassets in Resources */,
				321B53602A555117003101BF /* Main.storyboard in Resources */,
			);
			runOnlyForDeploymentPostprocessing = 0;
		};
		321B53692A55511A003101BF /* Resources */ = {
			isa = PBXResourcesBuildPhase;
			buildActionMask = 2147483647;
			files = (
			);
			runOnlyForDeploymentPostprocessing = 0;
		};
		321B53732A55511A003101BF /* Resources */ = {
			isa = PBXResourcesBuildPhase;
			buildActionMask = 2147483647;
			files = (
			);
			runOnlyForDeploymentPostprocessing = 0;
		};
/* End PBXResourcesBuildPhase section */

/* Begin PBXSourcesBuildPhase section */
		321B53512A555117003101BF /* Sources */ = {
			isa = PBXSourcesBuildPhase;
			buildActionMask = 2147483647;
			files = (
				321B535D2A555117003101BF /* ViewController.swift in Sources */,
				321B53592A555117003101BF /* AppDelegate.swift in Sources */,
				321B535B2A555117003101BF /* SceneDelegate.swift in Sources */,
			);
			runOnlyForDeploymentPostprocessing = 0;
		};
		321B53672A55511A003101BF /* Sources */ = {
			isa = PBXSourcesBuildPhase;
			buildActionMask = 2147483647;
			files = (
				321B53702A55511A003101BF /* RichAppTests.swift in Sources */,
			);
			runOnlyForDeploymentPostprocessing = 0;
		};
		321B53712A55511A003101BF /* Sources */ = {
			isa = PBXSourcesBuildPhase;
			buildActionMask = 2147483647;
			files = (
				321B537C2A55511A003101BF /* RichAppUITestsLaunchTests.swift in Sources */,
				321B537A2A55511A003101BF /* RichAppUITests.swift in Sources */,
			);
			runOnlyForDeploymentPostprocessing = 0;
		};
/* End PBXSourcesBuildPhase section */

/* Begin PBXTargetDependency section */
		321B536D2A55511A003101BF /* PBXTargetDependency */ = {
			isa = PBXTargetDependency;
			target = 321B53542A555117003101BF /* RichApp */;
			targetProxy = 321B536C2A55511A003101BF /* PBXContainerItemProxy */;
		};
		321B53772A55511A003101BF /* PBXTargetDependency */ = {
			isa = PBXTargetDependency;
			target = 321B53542A555117003101BF /* RichApp */;
			targetProxy = 321B53762A55511A003101BF /* PBXContainerItemProxy */;
		};
/* End PBXTargetDependency section */

/* Begin PBXVariantGroup section */
		321B535E2A555117003101BF /* Main.storyboard */ = {
			isa = PBXVariantGroup;
			children = (
				321B535F2A555117003101BF /* Base */,
			);
			name = Main.storyboard;
			sourceTree = "<group>";
		};
		321B53632A555119003101BF /* LaunchScreen.storyboard */ = {
			isa = PBXVariantGroup;
			children = (
				321B53642A555119003101BF /* Base */,
			);
			name = LaunchScreen.storyboard;
			sourceTree = "<group>";
		};
/* End PBXVariantGroup section */

/* Begin XCBuildConfiguration section */
		321B537D2A55511A003101BF /* Debug */ = {
			isa = XCBuildConfiguration;
			buildSettings = {
				ALWAYS_SEARCH_USER_PATHS = NO;
				CLANG_ANALYZER_NONNULL = YES;
				CLANG_ANALYZER_NUMBER_OBJECT_CONVERSION = YES_AGGRESSIVE;
				CLANG_CXX_LANGUAGE_STANDARD = "gnu++20";
				CLANG_ENABLE_MODULES = YES;
				CLANG_ENABLE_OBJC_ARC = YES;
				CLANG_ENABLE_OBJC_WEAK = YES;
				CLANG_WARN_BLOCK_CAPTURE_AUTORELEASING = YES;
				CLANG_WARN_BOOL_CONVERSION = YES;
				CLANG_WARN_COMMA = YES;
				CLANG_WARN_CONSTANT_CONVERSION = YES;
				CLANG_WARN_DEPRECATED_OBJC_IMPLEMENTATIONS = YES;
				CLANG_WARN_DIRECT_OBJC_ISA_USAGE = YES_ERROR;
				CLANG_WARN_DOCUMENTATION_COMMENTS = YES;
				CLANG_WARN_EMPTY_BODY = YES;
				CLANG_WARN_ENUM_CONVERSION = YES;
				CLANG_WARN_INFINITE_RECURSION = YES;
				CLANG_WARN_INT_CONVERSION = YES;
				CLANG_WARN_NON_LITERAL_NULL_CONVERSION = YES;
				CLANG_WARN_OBJC_IMPLICIT_RETAIN_SELF = YES;
				CLANG_WARN_OBJC_LITERAL_CONVERSION = YES;
				CLANG_WARN_OBJC_ROOT_CLASS = YES_ERROR;
				CLANG_WARN_QUOTED_INCLUDE_IN_FRAMEWORK_HEADER = YES;
				CLANG_WARN_RANGE_LOOP_ANALYSIS = YES;
				CLANG_WARN_STRICT_PROTOTYPES = YES;
				CLANG_WARN_SUSPICIOUS_MOVE = YES;
				CLANG_WARN_UNGUARDED_AVAILABILITY = YES_AGGRESSIVE;
				CLANG_WARN_UNREACHABLE_CODE = YES;
				CLANG_WARN__DUPLICATE_METHOD_MATCH = YES;
				COPY_PHASE_STRIP = NO;
				DEBUG_INFORMATION_FORMAT = dwarf;
				ENABLE_STRICT_OBJC_MSGSEND = YES;
				ENABLE_TESTABILITY = YES;
				GCC_C_LANGUAGE_STANDARD = gnu11;
				GCC_DYNAMIC_NO_PIC = NO;
				GCC_NO_COMMON_BLOCKS = YES;
				GCC_OPTIMIZATION_LEVEL = 0;
				GCC_PREPROCESSOR_DEFINITIONS = (
					"DEBUG=1",
					"$(inherited)",
				);
				GCC_WARN_64_TO_32_BIT_CONVERSION = YES;
				GCC_WARN_ABOUT_RETURN_TYPE = YES_ERROR;
				GCC_WARN_UNDECLARED_SELECTOR = YES;
				GCC_WARN_UNINITIALIZED_AUTOS = YES_AGGRESSIVE;
				GCC_WARN_UNUSED_FUNCTION = YES;
				GCC_WARN_UNUSED_VARIABLE = YES;
				IPHONEOS_DEPLOYMENT_TARGET = 16.4;
				MTL_ENABLE_DEBUG_INFO = INCLUDE_SOURCE;
				MTL_FAST_MATH = YES;
				ONLY_ACTIVE_ARCH = YES;
				SDKROOT = iphoneos;
				SWIFT_ACTIVE_COMPILATION_CONDITIONS = DEBUG;
				SWIFT_OPTIMIZATION_LEVEL = "-Onone";
			};
			name = Debug;
		};
		321B537E2A55511A003101BF /* Release */ = {
			isa = XCBuildConfiguration;
			buildSettings = {
				ALWAYS_SEARCH_USER_PATHS = NO;
				CLANG_ANALYZER_NONNULL = YES;
				CLANG_ANALYZER_NUMBER_OBJECT_CONVERSION = YES_AGGRESSIVE;
				CLANG_CXX_LANGUAGE_STANDARD = "gnu++20";
				CLANG_ENABLE_MODULES = YES;
				CLANG_ENABLE_OBJC_ARC = YES;
				CLANG_ENABLE_OBJC_WEAK = YES;
				CLANG_WARN_BLOCK_CAPTURE_AUTORELEASING = YES;
				CLANG_WARN_BOOL_CONVERSION = YES;
				CLANG_WARN_COMMA = YES;
				CLANG_WARN_CONSTANT_CONVERSION = YES;
				CLANG_WARN_DEPRECATED_OBJC_IMPLEMENTATIONS = YES;
				CLANG_WARN_DIRECT_OBJC_ISA_USAGE = YES_ERROR;
				CLANG_WARN_DOCUMENTATION_COMMENTS = YES;
				CLANG_WARN_EMPTY_BODY = YES;
				CLANG_WARN_ENUM_CONVERSION = YES;
				CLANG_WARN_INFINITE_RECURSION = YES;
				CLANG_WARN_INT_CONVERSION = YES;
				CLANG_WARN_NON_LITERAL_NULL_CONVERSION = YES;
				CLANG_WARN_OBJC_IMPLICIT_RETAIN_SELF = YES;
				CLANG_WARN_OBJC_LITERAL_CONVERSION = YES;
				CLANG_WARN_OBJC_ROOT_CLASS = YES_ERROR;
				CLANG_WARN_QUOTED_INCLUDE_IN_FRAMEWORK_HEADER = YES;
				CLANG_WARN_RANGE_LOOP_ANALYSIS = YES;
				CLANG_WARN_STRICT_PROTOTYPES = YES;
				CLANG_WARN_SUSPICIOUS_MOVE = YES;
				CLANG_WARN_UNGUARDED_AVAILABILITY = YES_AGGRESSIVE;
				CLANG_WARN_UNREACHABLE_CODE = YES;
				CLANG_WARN__DUPLICATE_METHOD_MATCH = YES;
				COPY_PHASE_STRIP = NO;
				DEBUG_INFORMATION_FORMAT = "dwarf-with-dsym";
				ENABLE_NS_ASSERTIONS = NO;
				ENABLE_STRICT_OBJC_MSGSEND = YES;
				GCC_C_LANGUAGE_STANDARD = gnu11;
				GCC_NO_COMMON_BLOCKS = YES;
				GCC_WARN_64_TO_32_BIT_CONVERSION = YES;
				GCC_WARN_ABOUT_RETURN_TYPE = YES_ERROR;
				GCC_WARN_UNDECLARED_SELECTOR = YES;
				GCC_WARN_UNINITIALIZED_AUTOS = YES_AGGRESSIVE;
				GCC_WARN_UNUSED_FUNCTION = YES;
				GCC_WARN_UNUSED_VARIABLE = YES;
				IPHONEOS_DEPLOYMENT_TARGET = 16.4;
				MTL_ENABLE_DEBUG_INFO = NO;
				MTL_FAST_MATH = YES;
				SDKROOT = iphoneos;
				SWIFT_COMPILATION_MODE = wholemodule;
				SWIFT_OPTIMIZATION_LEVEL = "-O";
				VALIDATE_PRODUCT = YES;
			};
			name = Release;
		};
		321B53802A55511A003101BF /* Debug */ = {
			isa = XCBuildConfiguration;
			buildSettings = {
				ASSETCATALOG_COMPILER_APPICON_NAME = AppIcon;
				ASSETCATALOG_COMPILER_GLOBAL_ACCENT_COLOR_NAME = AccentColor;
				CODE_SIGN_STYLE = Automatic;
				CURRENT_PROJECT_VERSION = 1;
				GENERATE_INFOPLIST_FILE = YES;
				INFOPLIST_FILE = RichApp/Info.plist;
				INFOPLIST_KEY_UIApplicationSupportsIndirectInputEvents = YES;
				INFOPLIST_KEY_UILaunchStoryboardName = LaunchScreen;
				INFOPLIST_KEY_UIMainStoryboardFile = Main;
				INFOPLIST_KEY_UISupportedInterfaceOrientations_iPad = "UIInterfaceOrientationPortrait UIInterfaceOrientationPortraitUpsideDown UIInterfaceOrientationLandscapeLeft UIInterfaceOrientationLandscapeRight";
				INFOPLIST_KEY_UISupportedInterfaceOrientations_iPhone = "UIInterfaceOrientationPortrait UIInterfaceOrientationLandscapeLeft UIInterfaceOrientationLandscapeRight";
				LD_RUNPATH_SEARCH_PATHS = (
					"$(inherited)",
					"@executable_path/Frameworks",
				);
				MARKETING_VERSION = 1.0;
				PRODUCT_BUNDLE_IDENTIFIER = rivvana.RichApp;
				PRODUCT_NAME = "$(TARGET_NAME)";
				SWIFT_EMIT_LOC_STRINGS = YES;
				SWIFT_VERSION = 5.0;
				TARGETED_DEVICE_FAMILY = "1,2";
			};
			name = Debug;
		};
		321B53812A55511A003101BF /* Release */ = {
			isa = XCBuildConfiguration;
			buildSettings = {
				ASSETCATALOG_COMPILER_APPICON_NAME = AppIcon;
				ASSETCATALOG_COMPILER_GLOBAL_ACCENT_COLOR_NAME = AccentColor;
				CODE_SIGN_STYLE = Automatic;
				CURRENT_PROJECT_VERSION = 1;
				GENERATE_INFOPLIST_FILE = YES;
				INFOPLIST_FILE = RichApp/Info.plist;
				INFOPLIST_KEY_UIApplicationSupportsIndirectInputEvents = YES;
				INFOPLIST_KEY_UILaunchStoryboardName = LaunchScreen;
				INFOPLIST_KEY_UIMainStoryboardFile = Main;
				INFOPLIST_KEY_UISupportedInterfaceOrientations_iPad = "UIInterfaceOrientationPortrait UIInterfaceOrientationPortraitUpsideDown UIInterfaceOrientationLandscapeLeft UIInterfaceOrientationLandscapeRight";
				INFOPLIST_KEY_UISupportedInterfaceOrientations_iPhone = "UIInterfaceOrientationPortrait UIInterfaceOrientationLandscapeLeft UIInterfaceOrientationLandscapeRight";
				LD_RUNPATH_SEARCH_PATHS = (
					"$(inherited)",
					"@executable_path/Frameworks",
				);
				MARKETING_VERSION = 1.0;
				PRODUCT_BUNDLE_IDENTIFIER = rivvana.RichApp;
				PRODUCT_NAME = "$(TARGET_NAME)";
				SWIFT_EMIT_LOC_STRINGS = YES;
				SWIFT_VERSION = 5.0;
				TARGETED_DEVICE_FAMILY = "1,2";
			};
			name = Release;
		};
		321B53832A55511A003101BF /* Debug */ = {
			isa = XCBuildConfiguration;
			buildSettings = {
				ALWAYS_EMBED_SWIFT_STANDARD_LIBRARIES = YES;
				BUNDLE_LOADER = "$(TEST_HOST)";
				CODE_SIGN_STYLE = Automatic;
				CURRENT_PROJECT_VERSION = 1;
				GENERATE_INFOPLIST_FILE = YES;
				IPHONEOS_DEPLOYMENT_TARGET = 16.4;
				MARKETING_VERSION = 1.0;
				PRODUCT_BUNDLE_IDENTIFIER = rivvana.RichAppTests;
				PRODUCT_NAME = "$(TARGET_NAME)";
				SWIFT_EMIT_LOC_STRINGS = NO;
				SWIFT_VERSION = 5.0;
				TARGETED_DEVICE_FAMILY = "1,2";
				TEST_HOST = "$(BUILT_PRODUCTS_DIR)/RichApp.app/$(BUNDLE_EXECUTABLE_FOLDER_PATH)/RichApp";
			};
			name = Debug;
		};
		321B53842A55511A003101BF /* Release */ = {
			isa = XCBuildConfiguration;
			buildSettings = {
				ALWAYS_EMBED_SWIFT_STANDARD_LIBRARIES = YES;
				BUNDLE_LOADER = "$(TEST_HOST)";
				CODE_SIGN_STYLE = Automatic;
				CURRENT_PROJECT_VERSION = 1;
				GENERATE_INFOPLIST_FILE = YES;
				IPHONEOS_DEPLOYMENT_TARGET = 16.4;
				MARKETING_VERSION = 1.0;
				PRODUCT_BUNDLE_IDENTIFIER = rivvana.RichAppTests;
				PRODUCT_NAME = "$(TARGET_NAME)";
				SWIFT_EMIT_LOC_STRINGS = NO;
				SWIFT_VERSION = 5.0;
				TARGETED_DEVICE_FAMILY = "1,2";
				TEST_HOST = "$(BUILT_PRODUCTS_DIR)/RichApp.app/$(BUNDLE_EXECUTABLE_FOLDER_PATH)/RichApp";
			};
			name = Release;
		};
		321B53862A55511A003101BF /* Debug */ = {
			isa = XCBuildConfiguration;
			buildSettings = {
				ALWAYS_EMBED_SWIFT_STANDARD_LIBRARIES = YES;
				CODE_SIGN_STYLE = Automatic;
				CURRENT_PROJECT_VERSION = 1;
				GENERATE_INFOPLIST_FILE = YES;
				MARKETING_VERSION = 1.0;
				PRODUCT_BUNDLE_IDENTIFIER = rivvana.RichAppUITests;
				PRODUCT_NAME = "$(TARGET_NAME)";
				SWIFT_EMIT_LOC_STRINGS = NO;
				SWIFT_VERSION = 5.0;
				TARGETED_DEVICE_FAMILY = "1,2";
				TEST_TARGET_NAME = RichApp;
			};
			name = Debug;
		};
		321B53872A55511A003101BF /* Release */ = {
			isa = XCBuildConfiguration;
			buildSettings = {
				ALWAYS_EMBED_SWIFT_STANDARD_LIBRARIES = YES;
				CODE_SIGN_STYLE = Automatic;
				CURRENT_PROJECT_VERSION = 1;
				GENERATE_INFOPLIST_FILE = YES;
				MARKETING_VERSION = 1.0;
				PRODUCT_BUNDLE_IDENTIFIER = rivvana.RichAppUITests;
				PRODUCT_NAME = "$(TARGET_NAME)";
				SWIFT_EMIT_LOC_STRINGS = NO;
				SWIFT_VERSION = 5.0;
				TARGETED_DEVICE_FAMILY = "1,2";
				TEST_TARGET_NAME = RichApp;
			};
			name = Release;
		};
/* End XCBuildConfiguration section */

/* Begin XCConfigurationList section */
		321B53502A555117003101BF /* Build configuration list for PBXProject "RichApp" */ = {
			isa = XCConfigurationList;
			buildConfigurations = (
				321B537D2A55511A003101BF /* Debug */,
				321B537E2A55511A003101BF /* Release */,
			);
			defaultConfigurationIsVisible = 0;
			defaultConfigurationName = Release;
		};
		321B537F2A55511A003101BF /* Build configuration list for PBXNativeTarget "RichApp" */ = {
			isa = XCConfigurationList;
			buildConfigurations = (
				321B53802A55511A003101BF /* Debug */,
				321B53812A55511A003101BF /* Release */,
			);
			defaultConfigurationIsVisible = 0;
			defaultConfigurationName = Release;
		};
		321B53822A55511A003101BF /* Build configuration list for PBXNativeTarget "RichAppTests" */ = {
			isa = XCConfigurationList;
			buildConfigurations = (
				321B53832A55511A003101BF /* Debug */,
				321B53842A55511A003101BF /* Release */,
			);
			defaultConfigurationIsVisible = 0;
			defaultConfigurationName = Release;
		};
		321B53852A55511A003101BF /* Build configuration list for PBXNativeTarget "RichAppUITests" */ = {
			isa = XCConfigurationList;
			buildConfigurations = (
				321B53862A55511A003101BF /* Debug */,
				321B53872A55511A003101BF /* Release */,
			);
			defaultConfigurationIsVisible = 0;
			defaultConfigurationName = Release;
		};
/* End XCConfigurationList section */
	};
	rootObject = 321B534D2A555117003101BF /* Project object */;
}
